{
  "requires": true,
  "lockfileVersion": 1,
  "dependencies": {
    "vu": {
      "version": "0.0.0",
      "resolved": "https://registry.npmjs.org/vu/-/vu-0.0.0.tgz",
      "integrity": "sha1-J/QMKvgiIGN4lYC7bGfPZith8LA="
    },
    "vue": {
      "version": "2.5.17",
      "resolved": "https://registry.npmjs.org/vue/-/vue-2.5.17.tgz",
      "integrity": "sha512-mFbcWoDIJi0w0Za4emyLiW72Jae0yjANHbCVquMKijcavBGypqlF7zHRgMa5k4sesdv7hv2rB4JPdZfR+TPfhQ=="
    }
  }
}
